// !$*UTF8*$!
{
	archiveVersion = 1;
	classes = {
	};
	objectVersion = 46;
	objects = {

/* Begin PBXBuildFile section */
		710159C61C1FEDFB0061A4D2 /* XNShareView.m in Sources */ = {isa = PBXBuildFile; fileRef = 710159C51C1FEDFB0061A4D2 /* XNShareView.m */; };
		7102319C1C1EFA8C0039661B /* XNCategoryCell.m in Sources */ = {isa = PBXBuildFile; fileRef = 7102319B1C1EFA8C0039661B /* XNCategoryCell.m */; };
		7102319F1C1F002D0039661B /* NSString+Extension.m in Sources */ = {isa = PBXBuildFile; fileRef = 7102319E1C1F002D0039661B /* NSString+Extension.m */; };
		71117CB81C1E85B200A692F7 /* XNTabBarViewController.m in Sources */ = {isa = PBXBuildFile; fileRef = 71117CB71C1E85B200A692F7 /* XNTabBarViewController.m */; };
		71117CBB1C1E867200A692F7 /* XNHomeViewController.m in Sources */ = {isa = PBXBuildFile; fileRef = 71117CBA1C1E867200A692F7 /* XNHomeViewController.m */; };
		71117CBE1C1E868200A692F7 /* XNCategoryViewController.m in Sources */ = {isa = PBXBuildFile; fileRef = 71117CBD1C1E868200A692F7 /* XNCategoryViewController.m */; };
		71117CC11C1E869000A692F7 /* XNMoreViewConroller.m in Sources */ = {isa = PBXBuildFile; fileRef = 71117CC01C1E869000A692F7 /* XNMoreViewConroller.m */; };
		71117CC51C1E917B00A692F7 /* XNRecentViewController.m in Sources */ = {isa = PBXBuildFile; fileRef = 71117CC41C1E917B00A692F7 /* XNRecentViewController.m */; };
		71117CC81C1E918500A692F7 /* XNHotPlayViewController.m in Sources */ = {isa = PBXBuildFile; fileRef = 71117CC71C1E918500A692F7 /* XNHotPlayViewController.m */; };
		714B1CBB1C1E75220092765D /* main.m in Sources */ = {isa = PBXBuildFile; fileRef = 714B1CBA1C1E75220092765D /* main.m */; };
		714B1CBE1C1E75220092765D /* AppDelegate.m in Sources */ = {isa = PBXBuildFile; fileRef = 714B1CBD1C1E75220092765D /* AppDelegate.m */; };
		714B1CC61C1E75220092765D /* Assets.xcassets in Resources */ = {isa = PBXBuildFile; fileRef = 714B1CC51C1E75220092765D /* Assets.xcassets */; };
		715ADAA61DFFEE4600131206 /* XNAppURL.m in Sources */ = {isa = PBXBuildFile; fileRef = 715ADAA51DFFEE4600131206 /* XNAppURL.m */; };
		715C53701C1EA61C00DB8A83 /* XNRentPlayCell.m in Sources */ = {isa = PBXBuildFile; fileRef = 715C536F1C1EA61C00DB8A83 /* XNRentPlayCell.m */; };
		715C53731C1EA7E800DB8A83 /* XNRecentMovieModel.m in Sources */ = {isa = PBXBuildFile; fileRef = 715C53721C1EA7E800DB8A83 /* XNRecentMovieModel.m */; };
		715C53761C1EAB9200DB8A83 /* UIView+Extension.m in Sources */ = {isa = PBXBuildFile; fileRef = 715C53751C1EAB9200DB8A83 /* UIView+Extension.m */; };
		715C53781C1EB30200DB8A83 /* Foundation+Log.m in Sources */ = {isa = PBXBuildFile; fileRef = 715C53771C1EB30200DB8A83 /* Foundation+Log.m */; };
		71749E5C1C1EC88D0071DA01 /* XNHotPlayCell.m in Sources */ = {isa = PBXBuildFile; fileRef = 71749E5B1C1EC88D0071DA01 /* XNHotPlayCell.m */; };
		719CDFB71C2039EA004DC31F /* HWAccountTool.m in Sources */ = {isa = PBXBuildFile; fileRef = 719CDFB61C2039EA004DC31F /* HWAccountTool.m */; };
		719CDFBA1C203A24004DC31F /* HWAccount.m in Sources */ = {isa = PBXBuildFile; fileRef = 719CDFB91C203A24004DC31F /* HWAccount.m */; };
		719CDFBD1C2047FA004DC31F /* XNUserModel.m in Sources */ = {isa = PBXBuildFile; fileRef = 719CDFBC1C2047FA004DC31F /* XNUserModel.m */; };
		719CDFC01C204AD7004DC31F /* XNMorePersonCell.m in Sources */ = {isa = PBXBuildFile; fileRef = 719CDFBF1C204AD7004DC31F /* XNMorePersonCell.m */; };
		71C8F72B1C216A0C00754580 /* WXApiManager.m in Sources */ = {isa = PBXBuildFile; fileRef = 71C8F7261C216A0C00754580 /* WXApiManager.m */; settings = {COMPILER_FLAGS = "-fno-objc-arc"; }; };
		71C8F72C1C216A0C00754580 /* WXApiRequestHandler.m in Sources */ = {isa = PBXBuildFile; fileRef = 71C8F7281C216A0C00754580 /* WXApiRequestHandler.m */; settings = {COMPILER_FLAGS = "-fno-objc-arc"; }; };
		71C8F72D1C216A0C00754580 /* WXApiResponseHandler.m in Sources */ = {isa = PBXBuildFile; fileRef = 71C8F72A1C216A0C00754580 /* WXApiResponseHandler.m */; settings = {COMPILER_FLAGS = "-fno-objc-arc"; }; };
		71C8F7311C216A5200754580 /* GetMessageFromWXResp+responseWithTextOrMediaMessage.m in Sources */ = {isa = PBXBuildFile; fileRef = 71C8F7301C216A5200754580 /* GetMessageFromWXResp+responseWithTextOrMediaMessage.m */; };
		71C8F7371C216A8500754580 /* SendMessageToWXReq+requestWithTextOrMediaMessage.m in Sources */ = {isa = PBXBuildFile; fileRef = 71C8F7341C216A8500754580 /* SendMessageToWXReq+requestWithTextOrMediaMessage.m */; settings = {COMPILER_FLAGS = "-fno-objc-arc"; }; };
		71C8F7381C216A8500754580 /* WXMediaMessage+messageConstruct.m in Sources */ = {isa = PBXBuildFile; fileRef = 71C8F7361C216A8500754580 /* WXMediaMessage+messageConstruct.m */; };
		71FBB23F1C1FA940008CF74B /* XNMoreCell.m in Sources */ = {isa = PBXBuildFile; fileRef = 71FBB23E1C1FA940008CF74B /* XNMoreCell.m */; };
		71FBB2421C1FB3C3008CF74B /* XNClearCache.m in Sources */ = {isa = PBXBuildFile; fileRef = 71FBB2411C1FB3C3008CF74B /* XNClearCache.m */; };
		71FBB2451C1FB748008CF74B /* XNHomeDetailViewController.m in Sources */ = {isa = PBXBuildFile; fileRef = 71FBB2441C1FB748008CF74B /* XNHomeDetailViewController.m */; };
		D0BF49D74BB013B1EEBAFD20 /* libPods.a in Frameworks */ = {isa = PBXBuildFile; fileRef = FDEE58964E6E0F17BA510A48 /* libPods.a */; };
/* End PBXBuildFile section */

/* Begin PBXFileReference section */
		710159C41C1FEDFB0061A4D2 /* XNShareView.h */ = {isa = PBXFileReference; fileEncoding = 4; lastKnownFileType = sourcecode.c.h; path = XNShareView.h; sourceTree = "<group>"; };
		710159C51C1FEDFB0061A4D2 /* XNShareView.m */ = {isa = PBXFileReference; fileEncoding = 4; lastKnownFileType = sourcecode.c.objc; path = XNShareView.m; sourceTree = "<group>"; };
		7102319A1C1EFA8C0039661B /* XNCategoryCell.h */ = {isa = PBXFileReference; fileEncoding = 4; lastKnownFileType = sourcecode.c.h; path = XNCategoryCell.h; sourceTree = "<group>"; };
		7102319B1C1EFA8C0039661B /* XNCategoryCell.m */ = {isa = PBXFileReference; fileEncoding = 4; lastKnownFileType = sourcecode.c.objc; path = XNCategoryCell.m; sourceTree = "<group>"; };
		7102319D1C1F002D0039661B /* NSString+Extension.h */ = {isa = PBXFileReference; fileEncoding = 4; lastKnownFileType = sourcecode.c.h; path = "NSString+Extension.h"; sourceTree = "<group>"; };
		7102319E1C1F002D0039661B /* NSString+Extension.m */ = {isa = PBXFileReference; fileEncoding = 4; lastKnownFileType = sourcecode.c.objc; path = "NSString+Extension.m"; sourceTree = "<group>"; };
		71117CB61C1E85B200A692F7 /* XNTabBarViewController.h */ = {isa = PBXFileReference; fileEncoding = 4; lastKnownFileType = sourcecode.c.h; path = XNTabBarViewController.h; sourceTree = "<group>"; };
		71117CB71C1E85B200A692F7 /* XNTabBarViewController.m */ = {isa = PBXFileReference; fileEncoding = 4; lastKnownFileType = sourcecode.c.objc; path = XNTabBarViewController.m; sourceTree = "<group>"; };
		71117CB91C1E867200A692F7 /* XNHomeViewController.h */ = {isa = PBXFileReference; fileEncoding = 4; lastKnownFileType = sourcecode.c.h; path = XNHomeViewController.h; sourceTree = "<group>"; };
		71117CBA1C1E867200A692F7 /* XNHomeViewController.m */ = {isa = PBXFileReference; fileEncoding = 4; lastKnownFileType = sourcecode.c.objc; path = XNHomeViewController.m; sourceTree = "<group>"; };
		71117CBC1C1E868200A692F7 /* XNCategoryViewController.h */ = {isa = PBXFileReference; fileEncoding = 4; lastKnownFileType = sourcecode.c.h; path = XNCategoryViewController.h; sourceTree = "<group>"; };
		71117CBD1C1E868200A692F7 /* XNCategoryViewController.m */ = {isa = PBXFileReference; fileEncoding = 4; lastKnownFileType = sourcecode.c.objc; path = XNCategoryViewController.m; sourceTree = "<group>"; };
		71117CBF1C1E869000A692F7 /* XNMoreViewConroller.h */ = {isa = PBXFileReference; fileEncoding = 4; lastKnownFileType = sourcecode.c.h; path = XNMoreViewConroller.h; sourceTree = "<group>"; };
		71117CC01C1E869000A692F7 /* XNMoreViewConroller.m */ = {isa = PBXFileReference; fileEncoding = 4; lastKnownFileType = sourcecode.c.objc; path = XNMoreViewConroller.m; sourceTree = "<group>"; };
		71117CC21C1E8AF800A692F7 /* info.pch */ = {isa = PBXFileReference; lastKnownFileType = sourcecode.c.h; path = info.pch; sourceTree = "<group>"; };
		71117CC31C1E917B00A692F7 /* XNRecentViewController.h */ = {isa = PBXFileReference; fileEncoding = 4; lastKnownFileType = sourcecode.c.h; path = XNRecentViewController.h; sourceTree = "<group>"; };
		71117CC41C1E917B00A692F7 /* XNRecentViewController.m */ = {isa = PBXFileReference; fileEncoding = 4; lastKnownFileType = sourcecode.c.objc; path = XNRecentViewController.m; sourceTree = "<group>"; };
		71117CC61C1E918500A692F7 /* XNHotPlayViewController.h */ = {isa = PBXFileReference; fileEncoding = 4; lastKnownFileType = sourcecode.c.h; path = XNHotPlayViewController.h; sourceTree = "<group>"; };
		71117CC71C1E918500A692F7 /* XNHotPlayViewController.m */ = {isa = PBXFileReference; fileEncoding = 4; lastKnownFileType = sourcecode.c.objc; path = XNHotPlayViewController.m; sourceTree = "<group>"; };
		714B1CB61C1E75220092765D /* LifeDocument.app */ = {isa = PBXFileReference; explicitFileType = wrapper.application; includeInIndex = 0; path = LifeDocument.app; sourceTree = BUILT_PRODUCTS_DIR; };
		714B1CBA1C1E75220092765D /* main.m */ = {isa = PBXFileReference; lastKnownFileType = sourcecode.c.objc; path = main.m; sourceTree = "<group>"; };
		714B1CBC1C1E75220092765D /* AppDelegate.h */ = {isa = PBXFileReference; lastKnownFileType = sourcecode.c.h; name = AppDelegate.h; path = ../AppDelegate.h; sourceTree = "<group>"; };
		714B1CBD1C1E75220092765D /* AppDelegate.m */ = {isa = PBXFileReference; lastKnownFileType = sourcecode.c.objc; name = AppDelegate.m; path = ../AppDelegate.m; sourceTree = "<group>"; };
		714B1CC51C1E75220092765D /* Assets.xcassets */ = {isa = PBXFileReference; lastKnownFileType = folder.assetcatalog; path = Assets.xcassets; sourceTree = "<group>"; };
		714B1CCA1C1E75220092765D /* Info.plist */ = {isa = PBXFileReference; lastKnownFileType = text.plist.xml; path = Info.plist; sourceTree = "<group>"; };
		714B1CD31C1E75220092765D /* LifeDocumentTests.m */ = {isa = PBXFileReference; lastKnownFileType = sourcecode.c.objc; path = LifeDocumentTests.m; sourceTree = "<group>"; };
		714B1CD51C1E75220092765D /* Info.plist */ = {isa = PBXFileReference; lastKnownFileType = text.plist.xml; path = Info.plist; sourceTree = "<group>"; };
		714B1CDE1C1E75220092765D /* LifeDocumentUITests.m */ = {isa = PBXFileReference; lastKnownFileType = sourcecode.c.objc; path = LifeDocumentUITests.m; sourceTree = "<group>"; };
		714B1CE01C1E75220092765D /* Info.plist */ = {isa = PBXFileReference; lastKnownFileType = text.plist.xml; path = Info.plist; sourceTree = "<group>"; };
		715ADAA41DFFEE4600131206 /* XNAppURL.h */ = {isa = PBXFileReference; fileEncoding = 4; lastKnownFileType = sourcecode.c.h; path = XNAppURL.h; sourceTree = "<group>"; };
		715ADAA51DFFEE4600131206 /* XNAppURL.m */ = {isa = PBXFileReference; fileEncoding = 4; lastKnownFileType = sourcecode.c.objc; path = XNAppURL.m; sourceTree = "<group>"; };
		715C536A1C1E9B7E00DB8A83 /* DEFINE.h */ = {isa = PBXFileReference; lastKnownFileType = sourcecode.c.h; path = DEFINE.h; sourceTree = "<group>"; };
		715C536E1C1EA61C00DB8A83 /* XNRentPlayCell.h */ = {isa = PBXFileReference; fileEncoding = 4; lastKnownFileType = sourcecode.c.h; path = XNRentPlayCell.h; sourceTree = "<group>"; };
		715C536F1C1EA61C00DB8A83 /* XNRentPlayCell.m */ = {isa = PBXFileReference; fileEncoding = 4; lastKnownFileType = sourcecode.c.objc; path = XNRentPlayCell.m; sourceTree = "<group>"; };
		715C53711C1EA7E800DB8A83 /* XNRecentMovieModel.h */ = {isa = PBXFileReference; fileEncoding = 4; lastKnownFileType = sourcecode.c.h; path = XNRecentMovieModel.h; sourceTree = "<group>"; };
		715C53721C1EA7E800DB8A83 /* XNRecentMovieModel.m */ = {isa = PBXFileReference; fileEncoding = 4; lastKnownFileType = sourcecode.c.objc; path = XNRecentMovieModel.m; sourceTree = "<group>"; };
		715C53741C1EAB9200DB8A83 /* UIView+Extension.h */ = {isa = PBXFileReference; fileEncoding = 4; lastKnownFileType = sourcecode.c.h; path = "UIView+Extension.h"; sourceTree = "<group>"; };
		715C53751C1EAB9200DB8A83 /* UIView+Extension.m */ = {isa = PBXFileReference; fileEncoding = 4; lastKnownFileType = sourcecode.c.objc; path = "UIView+Extension.m"; sourceTree = "<group>"; };
		715C53771C1EB30200DB8A83 /* Foundation+Log.m */ = {isa = PBXFileReference; fileEncoding = 4; lastKnownFileType = sourcecode.c.objc; path = "Foundation+Log.m"; sourceTree = "<group>"; };
		71749E5A1C1EC88D0071DA01 /* XNHotPlayCell.h */ = {isa = PBXFileReference; fileEncoding = 4; lastKnownFileType = sourcecode.c.h; path = XNHotPlayCell.h; sourceTree = "<group>"; };
		71749E5B1C1EC88D0071DA01 /* XNHotPlayCell.m */ = {isa = PBXFileReference; fileEncoding = 4; lastKnownFileType = sourcecode.c.objc; path = XNHotPlayCell.m; sourceTree = "<group>"; };
		719CDFB51C2039EA004DC31F /* HWAccountTool.h */ = {isa = PBXFileReference; fileEncoding = 4; lastKnownFileType = sourcecode.c.h; path = HWAccountTool.h; sourceTree = "<group>"; };
		719CDFB61C2039EA004DC31F /* HWAccountTool.m */ = {isa = PBXFileReference; fileEncoding = 4; lastKnownFileType = sourcecode.c.objc; path = HWAccountTool.m; sourceTree = "<group>"; };
		719CDFB81C203A24004DC31F /* HWAccount.h */ = {isa = PBXFileReference; fileEncoding = 4; lastKnownFileType = sourcecode.c.h; path = HWAccount.h; sourceTree = "<group>"; };
		719CDFB91C203A24004DC31F /* HWAccount.m */ = {isa = PBXFileReference; fileEncoding = 4; lastKnownFileType = sourcecode.c.objc; path = HWAccount.m; sourceTree = "<group>"; };
		719CDFBB1C2047FA004DC31F /* XNUserModel.h */ = {isa = PBXFileReference; fileEncoding = 4; lastKnownFileType = sourcecode.c.h; path = XNUserModel.h; sourceTree = "<group>"; };
		719CDFBC1C2047FA004DC31F /* XNUserModel.m */ = {isa = PBXFileReference; fileEncoding = 4; lastKnownFileType = sourcecode.c.objc; path = XNUserModel.m; sourceTree = "<group>"; };
		719CDFBE1C204AD7004DC31F /* XNMorePersonCell.h */ = {isa = PBXFileReference; fileEncoding = 4; lastKnownFileType = sourcecode.c.h; path = XNMorePersonCell.h; sourceTree = "<group>"; };
		719CDFBF1C204AD7004DC31F /* XNMorePersonCell.m */ = {isa = PBXFileReference; fileEncoding = 4; lastKnownFileType = sourcecode.c.objc; path = XNMorePersonCell.m; sourceTree = "<group>"; };
		71C8F7251C216A0C00754580 /* WXApiManager.h */ = {isa = PBXFileReference; fileEncoding = 4; lastKnownFileType = sourcecode.c.h; path = WXApiManager.h; sourceTree = "<group>"; };
		71C8F7261C216A0C00754580 /* WXApiManager.m */ = {isa = PBXFileReference; fileEncoding = 4; lastKnownFileType = sourcecode.c.objc; path = WXApiManager.m; sourceTree = "<group>"; };
		71C8F7271C216A0C00754580 /* WXApiRequestHandler.h */ = {isa = PBXFileReference; fileEncoding = 4; lastKnownFileType = sourcecode.c.h; path = WXApiRequestHandler.h; sourceTree = "<group>"; };
		71C8F7281C216A0C00754580 /* WXApiRequestHandler.m */ = {isa = PBXFileReference; fileEncoding = 4; lastKnownFileType = sourcecode.c.objc; path = WXApiRequestHandler.m; sourceTree = "<group>"; };
		71C8F7291C216A0C00754580 /* WXApiResponseHandler.h */ = {isa = PBXFileReference; fileEncoding = 4; lastKnownFileType = sourcecode.c.h; path = WXApiResponseHandler.h; sourceTree = "<group>"; };
		71C8F72A1C216A0C00754580 /* WXApiResponseHandler.m */ = {isa = PBXFileReference; fileEncoding = 4; lastKnownFileType = sourcecode.c.objc; path = WXApiResponseHandler.m; sourceTree = "<group>"; };
		71C8F72F1C216A5200754580 /* GetMessageFromWXResp+responseWithTextOrMediaMessage.h */ = {isa = PBXFileReference; fileEncoding = 4; lastKnownFileType = sourcecode.c.h; path = "GetMessageFromWXResp+responseWithTextOrMediaMessage.h"; sourceTree = "<group>"; };
		71C8F7301C216A5200754580 /* GetMessageFromWXResp+responseWithTextOrMediaMessage.m */ = {isa = PBXFileReference; fileEncoding = 4; lastKnownFileType = sourcecode.c.objc; path = "GetMessageFromWXResp+responseWithTextOrMediaMessage.m"; sourceTree = "<group>"; };
		71C8F7321C216A8500754580 /* Constant.h */ = {isa = PBXFileReference; fileEncoding = 4; lastKnownFileType = sourcecode.c.h; path = Constant.h; sourceTree = "<group>"; };
		71C8F7331C216A8500754580 /* SendMessageToWXReq+requestWithTextOrMediaMessage.h */ = {isa = PBXFileReference; fileEncoding = 4; lastKnownFileType = sourcecode.c.h; path = "SendMessageToWXReq+requestWithTextOrMediaMessage.h"; sourceTree = "<group>"; };
		71C8F7341C216A8500754580 /* SendMessageToWXReq+requestWithTextOrMediaMessage.m */ = {isa = PBXFileReference; fileEncoding = 4; lastKnownFileType = sourcecode.c.objc; path = "SendMessageToWXReq+requestWithTextOrMediaMessage.m"; sourceTree = "<group>"; };
		71C8F7351C216A8500754580 /* WXMediaMessage+messageConstruct.h */ = {isa = PBXFileReference; fileEncoding = 4; lastKnownFileType = sourcecode.c.h; path = "WXMediaMessage+messageConstruct.h"; sourceTree = "<group>"; };
		71C8F7361C216A8500754580 /* WXMediaMessage+messageConstruct.m */ = {isa = PBXFileReference; fileEncoding = 4; lastKnownFileType = sourcecode.c.objc; path = "WXMediaMessage+messageConstruct.m"; sourceTree = "<group>"; };
		71FBB23D1C1FA940008CF74B /* XNMoreCell.h */ = {isa = PBXFileReference; fileEncoding = 4; lastKnownFileType = sourcecode.c.h; path = XNMoreCell.h; sourceTree = "<group>"; };
		71FBB23E1C1FA940008CF74B /* XNMoreCell.m */ = {isa = PBXFileReference; fileEncoding = 4; lastKnownFileType = sourcecode.c.objc; path = XNMoreCell.m; sourceTree = "<group>"; };
		71FBB2401C1FB3C3008CF74B /* XNClearCache.h */ = {isa = PBXFileReference; fileEncoding = 4; lastKnownFileType = sourcecode.c.h; path = XNClearCache.h; sourceTree = "<group>"; };
		71FBB2411C1FB3C3008CF74B /* XNClearCache.m */ = {isa = PBXFileReference; fileEncoding = 4; lastKnownFileType = sourcecode.c.objc; path = XNClearCache.m; sourceTree = "<group>"; };
		71FBB2431C1FB748008CF74B /* XNHomeDetailViewController.h */ = {isa = PBXFileReference; fileEncoding = 4; lastKnownFileType = sourcecode.c.h; path = XNHomeDetailViewController.h; sourceTree = "<group>"; };
		71FBB2441C1FB748008CF74B /* XNHomeDetailViewController.m */ = {isa = PBXFileReference; fileEncoding = 4; lastKnownFileType = sourcecode.c.objc; path = XNHomeDetailViewController.m; sourceTree = "<group>"; };
		88C2AB730D1659966461515D /* Pods.release.xcconfig */ = {isa = PBXFileReference; includeInIndex = 1; lastKnownFileType = text.xcconfig; name = Pods.release.xcconfig; path = "Pods/Target Support Files/Pods/Pods.release.xcconfig"; sourceTree = "<group>"; };
		DA165E4AA63250FC2B2B92F1 /* Pods.debug.xcconfig */ = {isa = PBXFileReference; includeInIndex = 1; lastKnownFileType = text.xcconfig; name = Pods.debug.xcconfig; path = "Pods/Target Support Files/Pods/Pods.debug.xcconfig"; sourceTree = "<group>"; };
		FDEE58964E6E0F17BA510A48 /* libPods.a */ = {isa = PBXFileReference; explicitFileType = archive.ar; includeInIndex = 0; path = libPods.a; sourceTree = BUILT_PRODUCTS_DIR; };
/* End PBXFileReference section */

/* Begin PBXFrameworksBuildPhase section */
		714B1CB31C1E75220092765D /* Frameworks */ = {
			isa = PBXFrameworksBuildPhase;
			buildActionMask = 2147483647;
			files = (
				D0BF49D74BB013B1EEBAFD20 /* libPods.a in Frameworks */,
			);
			runOnlyForDeploymentPostprocessing = 0;
		};
/* End PBXFrameworksBuildPhase section */

/* Begin PBXGroup section */
		415A6EF6AFC8758482796F76 /* Frameworks */ = {
			isa = PBXGroup;
			children = (
				FDEE58964E6E0F17BA510A48 /* libPods.a */,
			);
			name = Frameworks;
			sourceTree = "<group>";
		};
		63AE5E8C0131557F04966E66 /* Pods */ = {
			isa = PBXGroup;
			children = (
				DA165E4AA63250FC2B2B92F1 /* Pods.debug.xcconfig */,
				88C2AB730D1659966461515D /* Pods.release.xcconfig */,
			);
			name = Pods;
			sourceTree = "<group>";
		};
		714B1CAD1C1E75220092765D = {
			isa = PBXGroup;
			children = (
				714B1CB81C1E75220092765D /* LifeDocument */,
				714B1CD21C1E75220092765D /* LifeDocumentTests */,
				714B1CDD1C1E75220092765D /* LifeDocumentUITests */,
				714B1CB71C1E75220092765D /* Products */,
				63AE5E8C0131557F04966E66 /* Pods */,
				415A6EF6AFC8758482796F76 /* Frameworks */,
			);
			sourceTree = "<group>";
		};
		714B1CB71C1E75220092765D /* Products */ = {
			isa = PBXGroup;
			children = (
				714B1CB61C1E75220092765D /* LifeDocument.app */,
			);
			name = Products;
			sourceTree = "<group>";
		};
		714B1CB81C1E75220092765D /* LifeDocument */ = {
			isa = PBXGroup;
			children = (
				715C53691C1E9B7400DB8A83 /* lib */,
				714B1CF81C1E76490092765D /* Main */,
				714B1CF41C1E76260092765D /* more */,
				714B1CF01C1E761D0092765D /* list */,
				714B1CEC1C1E760E0092765D /* home */,
				714B1CC51C1E75220092765D /* Assets.xcassets */,
				714B1CCA1C1E75220092765D /* Info.plist */,
				714B1CB91C1E75220092765D /* Supporting Files */,
			);
			path = LifeDocument;
			sourceTree = "<group>";
		};
		714B1CB91C1E75220092765D /* Supporting Files */ = {
			isa = PBXGroup;
			children = (
				714B1CBA1C1E75220092765D /* main.m */,
				71117CC21C1E8AF800A692F7 /* info.pch */,
			);
			name = "Supporting Files";
			sourceTree = "<group>";
		};
		714B1CD21C1E75220092765D /* LifeDocumentTests */ = {
			isa = PBXGroup;
			children = (
				714B1CD31C1E75220092765D /* LifeDocumentTests.m */,
				714B1CD51C1E75220092765D /* Info.plist */,
			);
			path = LifeDocumentTests;
			sourceTree = "<group>";
		};
		714B1CDD1C1E75220092765D /* LifeDocumentUITests */ = {
			isa = PBXGroup;
			children = (
				714B1CDE1C1E75220092765D /* LifeDocumentUITests.m */,
				714B1CE01C1E75220092765D /* Info.plist */,
			);
			path = LifeDocumentUITests;
			sourceTree = "<group>";
		};
		714B1CEC1C1E760E0092765D /* home */ = {
			isa = PBXGroup;
			children = (
				714B1CED1C1E760E0092765D /* controller */,
				714B1CEE1C1E760E0092765D /* model */,
				714B1CEF1C1E760E0092765D /* view */,
			);
			path = home;
			sourceTree = "<group>";
		};
		714B1CED1C1E760E0092765D /* controller */ = {
			isa = PBXGroup;
			children = (
				71117CB91C1E867200A692F7 /* XNHomeViewController.h */,
				71117CBA1C1E867200A692F7 /* XNHomeViewController.m */,
				71117CC31C1E917B00A692F7 /* XNRecentViewController.h */,
				71117CC41C1E917B00A692F7 /* XNRecentViewController.m */,
				71117CC61C1E918500A692F7 /* XNHotPlayViewController.h */,
				71117CC71C1E918500A692F7 /* XNHotPlayViewController.m */,
				71FBB2431C1FB748008CF74B /* XNHomeDetailViewController.h */,
				71FBB2441C1FB748008CF74B /* XNHomeDetailViewController.m */,
			);
			path = controller;
			sourceTree = "<group>";
		};
		714B1CEE1C1E760E0092765D /* model */ = {
			isa = PBXGroup;
			children = (
				715C53711C1EA7E800DB8A83 /* XNRecentMovieModel.h */,
				715C53721C1EA7E800DB8A83 /* XNRecentMovieModel.m */,
			);
			path = model;
			sourceTree = "<group>";
		};
		714B1CEF1C1E760E0092765D /* view */ = {
			isa = PBXGroup;
			children = (
				715C536E1C1EA61C00DB8A83 /* XNRentPlayCell.h */,
				715C536F1C1EA61C00DB8A83 /* XNRentPlayCell.m */,
				71749E5A1C1EC88D0071DA01 /* XNHotPlayCell.h */,
				71749E5B1C1EC88D0071DA01 /* XNHotPlayCell.m */,
			);
			path = view;
			sourceTree = "<group>";
		};
		714B1CF01C1E761D0092765D /* list */ = {
			isa = PBXGroup;
			children = (
				714B1CF11C1E761D0092765D /* controller */,
				714B1CF21C1E761D0092765D /* model */,
				714B1CF31C1E761D0092765D /* view */,
			);
			path = list;
			sourceTree = "<group>";
		};
		714B1CF11C1E761D0092765D /* controller */ = {
			isa = PBXGroup;
			children = (
				71117CBC1C1E868200A692F7 /* XNCategoryViewController.h */,
				71117CBD1C1E868200A692F7 /* XNCategoryViewController.m */,
			);
			path = controller;
			sourceTree = "<group>";
		};
		714B1CF21C1E761D0092765D /* model */ = {
			isa = PBXGroup;
			children = (
			);
			path = model;
			sourceTree = "<group>";
		};
		714B1CF31C1E761D0092765D /* view */ = {
			isa = PBXGroup;
			children = (
				7102319A1C1EFA8C0039661B /* XNCategoryCell.h */,
				7102319B1C1EFA8C0039661B /* XNCategoryCell.m */,
			);
			path = view;
			sourceTree = "<group>";
		};
		714B1CF41C1E76260092765D /* more */ = {
			isa = PBXGroup;
			children = (
				714B1CF51C1E76260092765D /* controller */,
				714B1CF61C1E76260092765D /* model */,
				714B1CF71C1E76260092765D /* view */,
			);
			path = more;
			sourceTree = "<group>";
		};
		714B1CF51C1E76260092765D /* controller */ = {
			isa = PBXGroup;
			children = (
				71117CBF1C1E869000A692F7 /* XNMoreViewConroller.h */,
				71117CC01C1E869000A692F7 /* XNMoreViewConroller.m */,
			);
			path = controller;
			sourceTree = "<group>";
		};
		714B1CF61C1E76260092765D /* model */ = {
			isa = PBXGroup;
			children = (
				719CDFBB1C2047FA004DC31F /* XNUserModel.h */,
				719CDFBC1C2047FA004DC31F /* XNUserModel.m */,
			);
			path = model;
			sourceTree = "<group>";
		};
		714B1CF71C1E76260092765D /* view */ = {
			isa = PBXGroup;
			children = (
				71FBB23D1C1FA940008CF74B /* XNMoreCell.h */,
				71FBB23E1C1FA940008CF74B /* XNMoreCell.m */,
				710159C41C1FEDFB0061A4D2 /* XNShareView.h */,
				710159C51C1FEDFB0061A4D2 /* XNShareView.m */,
				719CDFBE1C204AD7004DC31F /* XNMorePersonCell.h */,
				719CDFBF1C204AD7004DC31F /* XNMorePersonCell.m */,
			);
			path = view;
			sourceTree = "<group>";
		};
		714B1CF81C1E76490092765D /* Main */ = {
			isa = PBXGroup;
			children = (
				714B1CBC1C1E75220092765D /* AppDelegate.h */,
				714B1CBD1C1E75220092765D /* AppDelegate.m */,
				714B1CF91C1E76490092765D /* controller */,
				714B1CFA1C1E76490092765D /* model */,
				714B1CFB1C1E76490092765D /* view */,
			);
			path = Main;
			sourceTree = "<group>";
		};
		714B1CF91C1E76490092765D /* controller */ = {
			isa = PBXGroup;
			children = (
				71117CB61C1E85B200A692F7 /* XNTabBarViewController.h */,
				71117CB71C1E85B200A692F7 /* XNTabBarViewController.m */,
			);
			path = controller;
			sourceTree = "<group>";
		};
		714B1CFA1C1E76490092765D /* model */ = {
			isa = PBXGroup;
			children = (
			);
			path = model;
			sourceTree = "<group>";
		};
		714B1CFB1C1E76490092765D /* view */ = {
			isa = PBXGroup;
			children = (
			);
			path = view;
			sourceTree = "<group>";
		};
		715C53691C1E9B7400DB8A83 /* lib */ = {
			isa = PBXGroup;
			children = (
				71C8F70E1C2165BD00754580 /* WeChat */,
				719CDFB81C203A24004DC31F /* HWAccount.h */,
				719CDFB91C203A24004DC31F /* HWAccount.m */,
				719CDFB51C2039EA004DC31F /* HWAccountTool.h */,
				719CDFB61C2039EA004DC31F /* HWAccountTool.m */,
				7102319D1C1F002D0039661B /* NSString+Extension.h */,
				7102319E1C1F002D0039661B /* NSString+Extension.m */,
				715C53771C1EB30200DB8A83 /* Foundation+Log.m */,
				715C53741C1EAB9200DB8A83 /* UIView+Extension.h */,
				715C53751C1EAB9200DB8A83 /* UIView+Extension.m */,
				715C536A1C1E9B7E00DB8A83 /* DEFINE.h */,
				71FBB2401C1FB3C3008CF74B /* XNClearCache.h */,
				71FBB2411C1FB3C3008CF74B /* XNClearCache.m */,
				715ADAA41DFFEE4600131206 /* XNAppURL.h */,
				715ADAA51DFFEE4600131206 /* XNAppURL.m */,
			);
			path = lib;
			sourceTree = "<group>";
		};
		71C8F70E1C2165BD00754580 /* WeChat */ = {
			isa = PBXGroup;
			children = (
				71C8F72E1C216A4A00754580 /* helper */,
				71C8F7241C216A0C00754580 /* Control */,
			);
			path = WeChat;
			sourceTree = "<group>";
		};
		71C8F7241C216A0C00754580 /* Control */ = {
			isa = PBXGroup;
			children = (
				71C8F7251C216A0C00754580 /* WXApiManager.h */,
				71C8F7261C216A0C00754580 /* WXApiManager.m */,
				71C8F7271C216A0C00754580 /* WXApiRequestHandler.h */,
				71C8F7281C216A0C00754580 /* WXApiRequestHandler.m */,
				71C8F7291C216A0C00754580 /* WXApiResponseHandler.h */,
				71C8F72A1C216A0C00754580 /* WXApiResponseHandler.m */,
			);
			path = Control;
			sourceTree = "<group>";
		};
		71C8F72E1C216A4A00754580 /* helper */ = {
			isa = PBXGroup;
			children = (
				71C8F7321C216A8500754580 /* Constant.h */,
				71C8F7331C216A8500754580 /* SendMessageToWXReq+requestWithTextOrMediaMessage.h */,
				71C8F7341C216A8500754580 /* SendMessageToWXReq+requestWithTextOrMediaMessage.m */,
				71C8F7351C216A8500754580 /* WXMediaMessage+messageConstruct.h */,
				71C8F7361C216A8500754580 /* WXMediaMessage+messageConstruct.m */,
				71C8F72F1C216A5200754580 /* GetMessageFromWXResp+responseWithTextOrMediaMessage.h */,
				71C8F7301C216A5200754580 /* GetMessageFromWXResp+responseWithTextOrMediaMessage.m */,
			);
			path = helper;
			sourceTree = "<group>";
		};
/* End PBXGroup section */

/* Begin PBXNativeTarget section */
		714B1CB51C1E75220092765D /* LifeDocument */ = {
			isa = PBXNativeTarget;
			buildConfigurationList = 714B1CE31C1E75220092765D /* Build configuration list for PBXNativeTarget "LifeDocument" */;
			buildPhases = (
				213F851F446DFF731855E103 /* Check Pods Manifest.lock */,
				714B1CB21C1E75220092765D /* Sources */,
				714B1CB31C1E75220092765D /* Frameworks */,
				714B1CB41C1E75220092765D /* Resources */,
				2EB317A2F34E5CE0EB372C8D /* Embed Pods Frameworks */,
				5B720D501F31BDB5E3536392 /* Copy Pods Resources */,
			);
			buildRules = (
			);
			dependencies = (
			);
			name = LifeDocument;
			productName = LifeDocument;
			productReference = 714B1CB61C1E75220092765D /* LifeDocument.app */;
			productType = "com.apple.product-type.application";
		};
/* End PBXNativeTarget section */

/* Begin PBXProject section */
		714B1CAE1C1E75220092765D /* Project object */ = {
			isa = PBXProject;
			attributes = {
				LastUpgradeCheck = 0710;
				ORGANIZATIONNAME = camelot;
				TargetAttributes = {
					714B1CB51C1E75220092765D = {
						CreatedOnToolsVersion = 7.1;
						DevelopmentTeam = 62998H9Y7F;
					};
				};
			};
			buildConfigurationList = 714B1CB11C1E75220092765D /* Build configuration list for PBXProject "LifeDocument" */;
			compatibilityVersion = "Xcode 3.2";
			developmentRegion = English;
			hasScannedForEncodings = 0;
			knownRegions = (
				en,
				Base,
			);
			mainGroup = 714B1CAD1C1E75220092765D;
			productRefGroup = 714B1CB71C1E75220092765D /* Products */;
			projectDirPath = "";
			projectRoot = "";
			targets = (
				714B1CB51C1E75220092765D /* LifeDocument */,
			);
		};
/* End PBXProject section */

/* Begin PBXResourcesBuildPhase section */
		714B1CB41C1E75220092765D /* Resources */ = {
			isa = PBXResourcesBuildPhase;
			buildActionMask = 2147483647;
			files = (
				714B1CC61C1E75220092765D /* Assets.xcassets in Resources */,
			);
			runOnlyForDeploymentPostprocessing = 0;
		};
/* End PBXResourcesBuildPhase section */

/* Begin PBXShellScriptBuildPhase section */
		213F851F446DFF731855E103 /* Check Pods Manifest.lock */ = {
			isa = PBXShellScriptBuildPhase;
			buildActionMask = 2147483647;
			files = (
			);
			inputPaths = (
			);
			name = "Check Pods Manifest.lock";
			outputPaths = (
			);
			runOnlyForDeploymentPostprocessing = 0;
			shellPath = /bin/sh;
			shellScript = "diff \"${PODS_ROOT}/../Podfile.lock\" \"${PODS_ROOT}/Manifest.lock\" > /dev/null\nif [[ $? != 0 ]] ; then\n    cat << EOM\nerror: The sandbox is not in sync with the Podfile.lock. Run 'pod install' or update your CocoaPods installation.\nEOM\n    exit 1\nfi\n";
			showEnvVarsInLog = 0;
		};
		2EB317A2F34E5CE0EB372C8D /* Embed Pods Frameworks */ = {
			isa = PBXShellScriptBuildPhase;
			buildActionMask = 2147483647;
			files = (
			);
			inputPaths = (
			);
			name = "Embed Pods Frameworks";
			outputPaths = (
			);
			runOnlyForDeploymentPostprocessing = 0;
			shellPath = /bin/sh;
			shellScript = "\"${SRCROOT}/Pods/Target Support Files/Pods/Pods-frameworks.sh\"\n";
			showEnvVarsInLog = 0;
		};
		5B720D501F31BDB5E3536392 /* Copy Pods Resources */ = {
			isa = PBXShellScriptBuildPhase;
			buildActionMask = 2147483647;
			files = (
			);
			inputPaths = (
			);
			name = "Copy Pods Resources";
			outputPaths = (
			);
			runOnlyForDeploymentPostprocessing = 0;
			shellPath = /bin/sh;
			shellScript = "\"${SRCROOT}/Pods/Target Support Files/Pods/Pods-resources.sh\"\n";
			showEnvVarsInLog = 0;
		};
/* End PBXShellScriptBuildPhase section */

/* Begin PBXSourcesBuildPhase section */
		714B1CB21C1E75220092765D /* Sources */ = {
			isa = PBXSourcesBuildPhase;
			buildActionMask = 2147483647;
			files = (
				719CDFBD1C2047FA004DC31F /* XNUserModel.m in Sources */,
				719CDFB71C2039EA004DC31F /* HWAccountTool.m in Sources */,
				71FBB23F1C1FA940008CF74B /* XNMoreCell.m in Sources */,
				714B1CBE1C1E75220092765D /* AppDelegate.m in Sources */,
				71749E5C1C1EC88D0071DA01 /* XNHotPlayCell.m in Sources */,
				714B1CBB1C1E75220092765D /* main.m in Sources */,
				715C53761C1EAB9200DB8A83 /* UIView+Extension.m in Sources */,
				715C53701C1EA61C00DB8A83 /* XNRentPlayCell.m in Sources */,
				71FBB2451C1FB748008CF74B /* XNHomeDetailViewController.m in Sources */,
				71117CC81C1E918500A692F7 /* XNHotPlayViewController.m in Sources */,
				710159C61C1FEDFB0061A4D2 /* XNShareView.m in Sources */,
				71C8F7311C216A5200754580 /* GetMessageFromWXResp+responseWithTextOrMediaMessage.m in Sources */,
				71117CC51C1E917B00A692F7 /* XNRecentViewController.m in Sources */,
				71117CB81C1E85B200A692F7 /* XNTabBarViewController.m in Sources */,
				71117CBB1C1E867200A692F7 /* XNHomeViewController.m in Sources */,
				715ADAA61DFFEE4600131206 /* XNAppURL.m in Sources */,
				7102319C1C1EFA8C0039661B /* XNCategoryCell.m in Sources */,
				719CDFBA1C203A24004DC31F /* HWAccount.m in Sources */,
				71FBB2421C1FB3C3008CF74B /* XNClearCache.m in Sources */,
				71C8F72D1C216A0C00754580 /* WXApiResponseHandler.m in Sources */,
				719CDFC01C204AD7004DC31F /* XNMorePersonCell.m in Sources */,
				7102319F1C1F002D0039661B /* NSString+Extension.m in Sources */,
				71C8F7371C216A8500754580 /* SendMessageToWXReq+requestWithTextOrMediaMessage.m in Sources */,
				71C8F7381C216A8500754580 /* WXMediaMessage+messageConstruct.m in Sources */,
				715C53731C1EA7E800DB8A83 /* XNRecentMovieModel.m in Sources */,
				71117CC11C1E869000A692F7 /* XNMoreViewConroller.m in Sources */,
				71C8F72C1C216A0C00754580 /* WXApiRequestHandler.m in Sources */,
				71C8F72B1C216A0C00754580 /* WXApiManager.m in Sources */,
				71117CBE1C1E868200A692F7 /* XNCategoryViewController.m in Sources */,
				715C53781C1EB30200DB8A83 /* Foundation+Log.m in Sources */,
			);
			runOnlyForDeploymentPostprocessing = 0;
		};
/* End PBXSourcesBuildPhase section */

/* Begin XCBuildConfiguration section */
		714B1CE11C1E75220092765D /* Debug */ = {
			isa = XCBuildConfiguration;
			buildSettings = {
				ALWAYS_SEARCH_USER_PATHS = NO;
				CLANG_CXX_LANGUAGE_STANDARD = "gnu++0x";
				CLANG_CXX_LIBRARY = "libc++";
				CLANG_ENABLE_MODULES = YES;
				CLANG_ENABLE_OBJC_ARC = YES;
				CLANG_WARN_BOOL_CONVERSION = YES;
				CLANG_WARN_CONSTANT_CONVERSION = YES;
				CLANG_WARN_DIRECT_OBJC_ISA_USAGE = YES_ERROR;
				CLANG_WARN_EMPTY_BODY = YES;
				CLANG_WARN_ENUM_CONVERSION = YES;
				CLANG_WARN_INT_CONVERSION = YES;
				CLANG_WARN_OBJC_ROOT_CLASS = YES_ERROR;
				CLANG_WARN_UNREACHABLE_CODE = YES;
				CLANG_WARN__DUPLICATE_METHOD_MATCH = YES;
				CODE_SIGN_IDENTITY = "iPhone Developer";
				"CODE_SIGN_IDENTITY[sdk=iphoneos*]" = "iPhone Developer";
				COPY_PHASE_STRIP = NO;
				DEBUG_INFORMATION_FORMAT = dwarf;
				ENABLE_STRICT_OBJC_MSGSEND = YES;
				ENABLE_TESTABILITY = YES;
				GCC_C_LANGUAGE_STANDARD = gnu99;
				GCC_DYNAMIC_NO_PIC = NO;
				GCC_NO_COMMON_BLOCKS = YES;
				GCC_OPTIMIZATION_LEVEL = 0;
				GCC_PREPROCESSOR_DEFINITIONS = (
					"DEBUG=1",
					"$(inherited)",
				);
				GCC_WARN_64_TO_32_BIT_CONVERSION = YES;
				GCC_WARN_ABOUT_RETURN_TYPE = YES_ERROR;
				GCC_WARN_UNDECLARED_SELECTOR = YES;
				GCC_WARN_UNINITIALIZED_AUTOS = YES_AGGRESSIVE;
				GCC_WARN_UNUSED_FUNCTION = YES;
				GCC_WARN_UNUSED_VARIABLE = YES;
				IPHONEOS_DEPLOYMENT_TARGET = 9.1;
				MTL_ENABLE_DEBUG_INFO = YES;
				ONLY_ACTIVE_ARCH = YES;
				PROVISIONING_PROFILE = "";
				SDKROOT = iphoneos;
				TARGETED_DEVICE_FAMILY = "1,2";
			};
			name = Debug;
		};
		714B1CE21C1E75220092765D /* Release */ = {
			isa = XCBuildConfiguration;
			buildSettings = {
				ALWAYS_SEARCH_USER_PATHS = NO;
				CLANG_CXX_LANGUAGE_STANDARD = "gnu++0x";
				CLANG_CXX_LIBRARY = "libc++";
				CLANG_ENABLE_MODULES = YES;
				CLANG_ENABLE_OBJC_ARC = YES;
				CLANG_WARN_BOOL_CONVERSION = YES;
				CLANG_WARN_CONSTANT_CONVERSION = YES;
				CLANG_WARN_DIRECT_OBJC_ISA_USAGE = YES_ERROR;
				CLANG_WARN_EMPTY_BODY = YES;
				CLANG_WARN_ENUM_CONVERSION = YES;
				CLANG_WARN_INT_CONVERSION = YES;
				CLANG_WARN_OBJC_ROOT_CLASS = YES_ERROR;
				CLANG_WARN_UNREACHABLE_CODE = YES;
				CLANG_WARN__DUPLICATE_METHOD_MATCH = YES;
				CODE_SIGN_IDENTITY = "iPhone Developer";
				"CODE_SIGN_IDENTITY[sdk=iphoneos*]" = "iPhone Developer";
				COPY_PHASE_STRIP = NO;
				DEBUG_INFORMATION_FORMAT = "dwarf-with-dsym";
				ENABLE_NS_ASSERTIONS = NO;
				ENABLE_STRICT_OBJC_MSGSEND = YES;
				GCC_C_LANGUAGE_STANDARD = gnu99;
				GCC_NO_COMMON_BLOCKS = YES;
				GCC_WARN_64_TO_32_BIT_CONVERSION = YES;
				GCC_WARN_ABOUT_RETURN_TYPE = YES_ERROR;
				GCC_WARN_UNDECLARED_SELECTOR = YES;
				GCC_WARN_UNINITIALIZED_AUTOS = YES_AGGRESSIVE;
				GCC_WARN_UNUSED_FUNCTION = YES;
				GCC_WARN_UNUSED_VARIABLE = YES;
				IPHONEOS_DEPLOYMENT_TARGET = 9.1;
				MTL_ENABLE_DEBUG_INFO = NO;
				PROVISIONING_PROFILE = "";
				SDKROOT = iphoneos;
				TARGETED_DEVICE_FAMILY = "1,2";
				VALIDATE_PRODUCT = YES;
			};
			name = Release;
		};
		714B1CE41C1E75220092765D /* Debug */ = {
			isa = XCBuildConfiguration;
			baseConfigurationReference = DA165E4AA63250FC2B2B92F1 /* Pods.debug.xcconfig */;
			buildSettings = {
				ASSETCATALOG_COMPILER_APPICON_NAME = AppIcon;
				ASSETCATALOG_COMPILER_LAUNCHIMAGE_NAME = LaunchImage;
				CODE_SIGN_IDENTITY = "iPhone Developer";
				"CODE_SIGN_IDENTITY[sdk=iphoneos*]" = "iPhone Developer";
				ENABLE_BITCODE = NO;
				GCC_PREFIX_HEADER = "$(SRCROOT)/LifeDocument/info.pch";
				INFOPLIST_FILE = LifeDocument/Info.plist;
				IPHONEOS_DEPLOYMENT_TARGET = 7.1;
				LD_RUNPATH_SEARCH_PATHS = "$(inherited) @executable_path/Frameworks";
				OTHER_LDFLAGS = (
					"$(inherited)",
					"-ObjC",
					"-l\"SDWebImage\"",
					"-l\"AFNetworking\"",
				);
				PRODUCT_BUNDLE_IDENTIFIER = com.camelot.lifeDocument;
				PRODUCT_NAME = "$(TARGET_NAME)";
				PROVISIONING_PROFILE = "";
				TARGETED_DEVICE_FAMILY = 1;
			};
			name = Debug;
		};
		714B1CE51C1E75220092765D /* Release */ = {
			isa = XCBuildConfiguration;
			baseConfigurationReference = 88C2AB730D1659966461515D /* Pods.release.xcconfig */;
			buildSettings = {
				ASSETCATALOG_COMPILER_APPICON_NAME = AppIcon;
				ASSETCATALOG_COMPILER_LAUNCHIMAGE_NAME = LaunchImage;
				CODE_SIGN_IDENTITY = "iPhone Developer";
				"CODE_SIGN_IDENTITY[sdk=iphoneos*]" = "iPhone Developer";
				ENABLE_BITCODE = NO;
				GCC_PREFIX_HEADER = "$(SRCROOT)/LifeDocument/info.pch";
				INFOPLIST_FILE = LifeDocument/Info.plist;
				IPHONEOS_DEPLOYMENT_TARGET = 7.1;
				LD_RUNPATH_SEARCH_PATHS = "$(inherited) @executable_path/Frameworks";
				OTHER_LDFLAGS = (
					"$(inherited)",
					"-ObjC",
					"-l\"SDWebImage\"",
					"-l\"AFNetworking\"",
				);
				PRODUCT_BUNDLE_IDENTIFIER = com.camelot.lifeDocument;
				PRODUCT_NAME = "$(TARGET_NAME)";
				PROVISIONING_PROFILE = "";
				TARGETED_DEVICE_FAMILY = 1;
			};
			name = Release;
		};
/* End XCBuildConfiguration section */

/* Begin XCConfigurationList section */
		714B1CB11C1E75220092765D /* Build configuration list for PBXProject "LifeDocument" */ = {
			isa = XCConfigurationList;
			buildConfigurations = (
				714B1CE11C1E75220092765D /* Debug */,
				714B1CE21C1E75220092765D /* Release */,
			);
			defaultConfigurationIsVisible = 0;
			defaultConfigurationName = Release;
		};
		714B1CE31C1E75220092765D /* Build configuration list for PBXNativeTarget "LifeDocument" */ = {
			isa = XCConfigurationList;
			buildConfigurations = (
				714B1CE41C1E75220092765D /* Debug */,
				714B1CE51C1E75220092765D /* Release */,
			);
			defaultConfigurationIsVisible = 0;
			defaultConfigurationName = Release;
		};
/* End XCConfigurationList section */
	};
	rootObject = 714B1CAE1C1E75220092765D /* Project object */;
}
